
Microsoft Visual Studio Solution File, Format Version 12.00
# Visual Studio Version 17
VisualStudioVersion = 17.13.35818.85 d17.13
MinimumVisualStudioVersion = 10.0.40219.1
Project("{FAE04EC0-301F-11D3-BF4B-00C04F79EFBC}") = "IDSmarters.AdminPortal", "IDSmarters.AdminPortal\IDSmarters.AdminPortal.csproj", "{3C9D455A-FCA3-4A73-B599-5034F23F0AC5}"
EndProject
Global
	GlobalSection(SolutionConfigurationPlatforms) = preSolution
		Debug|Any CPU = Debug|Any CPU
		Release|Any CPU = Release|Any CPU
	EndGlobalSection
	GlobalSection(ProjectConfigurationPlatforms) = postSolution
		{3C9D455A-FCA3-4A73-B599-5034F23F0AC5}.Debug|Any CPU.ActiveCfg = Debug|Any CPU
		{3C9D455A-FCA3-4A73-B599-5034F23F0AC5}.Debug|Any CPU.Build.0 = Debug|Any CPU
		{3C9D455A-FCA3-4A73-B599-5034F23F0AC5}.Release|Any CPU.ActiveCfg = Release|Any CPU
		{3C9D455A-FCA3-4A73-B599-5034F23F0AC5}.Release|Any CPU.Build.0 = Release|Any CPU
	EndGlobalSection
	GlobalSection(SolutionProperties) = preSolution
		HideSolutionNode = FALSE
	EndGlobalSection
	GlobalSection(ExtensibilityGlobals) = postSolution
		SolutionGuid = {05CA6AB2-3CC0-4B70-AF72-A2050D03FFEF}
	EndGlobalSection
EndGlobal
